
Microsoft Visual Studio Solution File, Format Version 12.00
# Visual Studio Version 17
VisualStudioVersion = 17.3.32819.101
MinimumVisualStudioVersion = 10.0.40219.1
Project("{FAE04EC0-301F-11D3-BF4B-00C04F79EFBC}") = "AlgorithmProblems", "AlgorithmProblems.csproj", "{F177EA5C-78E2-4F57-99DD-B7E5B7BFD448}"
EndProject
Global
	GlobalSection(SolutionConfigurationPlatforms) = preSolution
		Debug|Any CPU = Debug|Any CPU
		Release|Any CPU = Release|Any CPU
	EndGlobalSection
	GlobalSection(ProjectConfigurationPlatforms) = postSolution
		{F177EA5C-78E2-4F57-99DD-B7E5B7BFD448}.Debug|Any CPU.ActiveCfg = Debug|Any CPU
		{F177EA5C-78E2-4F57-99DD-B7E5B7BFD448}.Debug|Any CPU.Build.0 = Debug|Any CPU
		{F177EA5C-78E2-4F57-99DD-B7E5B7BFD448}.Release|Any CPU.ActiveCfg = Release|Any CPU
		{F177EA5C-78E2-4F57-99DD-B7E5B7BFD448}.Release|Any CPU.Build.0 = Release|Any CPU
	EndGlobalSection
	GlobalSection(SolutionProperties) = preSolution
		HideSolutionNode = FALSE
	EndGlobalSection
	GlobalSection(ExtensibilityGlobals) = postSolution
		SolutionGuid = {194ED862-A568-416D-A3A8-668458A47650}
	EndGlobalSection
EndGlobal
