
Microsoft Visual Studio Solution File, Format Version 12.00
# Visual Studio Version 17
VisualStudioVersion = 17.3.32819.101
MinimumVisualStudioVersion = 10.0.40219.1
Project("{FAE04EC0-301F-11D3-BF4B-00C04F79EFBC}") = "AlgorithmProblem", "AlgorithmProblem.csproj", "{9CFD9F1A-A444-47D3-8AC4-E89F3A130DF2}"
EndProject
Global
	GlobalSection(SolutionConfigurationPlatforms) = preSolution
		Debug|Any CPU = Debug|Any CPU
		Release|Any CPU = Release|Any CPU
	EndGlobalSection
	GlobalSection(ProjectConfigurationPlatforms) = postSolution
		{9CFD9F1A-A444-47D3-8AC4-E89F3A130DF2}.Debug|Any CPU.ActiveCfg = Debug|Any CPU
		{9CFD9F1A-A444-47D3-8AC4-E89F3A130DF2}.Debug|Any CPU.Build.0 = Debug|Any CPU
		{9CFD9F1A-A444-47D3-8AC4-E89F3A130DF2}.Release|Any CPU.ActiveCfg = Release|Any CPU
		{9CFD9F1A-A444-47D3-8AC4-E89F3A130DF2}.Release|Any CPU.Build.0 = Release|Any CPU
	EndGlobalSection
	GlobalSection(SolutionProperties) = preSolution
		HideSolutionNode = FALSE
	EndGlobalSection
	GlobalSection(ExtensibilityGlobals) = postSolution
		SolutionGuid = {525A2866-3EA7-4F99-BB5E-E48C0BDC6503}
	EndGlobalSection
EndGlobal
